
Microsoft Visual Studio Solution File, Format Version 12.00
# Visual Studio 14
VisualStudioVersion = 14.0.25420.1
MinimumVisualStudioVersion = 10.0.40219.1
Project("{FAE04EC0-301F-11D3-BF4B-00C04F79EFBC}") = "App_UI", "App_UI\App_UI.csproj", "{36D1EEE4-2310-43CE-B786-4F5F1DB2CC2A}"
EndProject
Project("{FAE04EC0-301F-11D3-BF4B-00C04F79EFBC}") = "CustomServerControls", "CustomServerControls\CustomServerControls.csproj", "{BDCC2D9B-B53B-4304-B4E4-B932BEF19590}"
EndProject
Project("{FAE04EC0-301F-11D3-BF4B-00C04F79EFBC}") = "App_BAL", "App_BAL\App_BAL.csproj", "{0C82E045-675D-4477-B528-788B0C1990FE}"
EndProject
Global
	GlobalSection(SolutionConfigurationPlatforms) = preSolution
		Debug|Any CPU = Debug|Any CPU
		Release|Any CPU = Release|Any CPU
	EndGlobalSection
	GlobalSection(ProjectConfigurationPlatforms) = postSolution
		{36D1EEE4-2310-43CE-B786-4F5F1DB2CC2A}.Debug|Any CPU.ActiveCfg = Debug|Any CPU
		{36D1EEE4-2310-43CE-B786-4F5F1DB2CC2A}.Debug|Any CPU.Build.0 = Debug|Any CPU
		{36D1EEE4-2310-43CE-B786-4F5F1DB2CC2A}.Release|Any CPU.ActiveCfg = Release|Any CPU
		{36D1EEE4-2310-43CE-B786-4F5F1DB2CC2A}.Release|Any CPU.Build.0 = Release|Any CPU
		{BDCC2D9B-B53B-4304-B4E4-B932BEF19590}.Debug|Any CPU.ActiveCfg = Debug|Any CPU
		{BDCC2D9B-B53B-4304-B4E4-B932BEF19590}.Debug|Any CPU.Build.0 = Debug|Any CPU
		{BDCC2D9B-B53B-4304-B4E4-B932BEF19590}.Release|Any CPU.ActiveCfg = Release|Any CPU
		{BDCC2D9B-B53B-4304-B4E4-B932BEF19590}.Release|Any CPU.Build.0 = Release|Any CPU
		{0C82E045-675D-4477-B528-788B0C1990FE}.Debug|Any CPU.ActiveCfg = Debug|Any CPU
		{0C82E045-675D-4477-B528-788B0C1990FE}.Debug|Any CPU.Build.0 = Debug|Any CPU
		{0C82E045-675D-4477-B528-788B0C1990FE}.Release|Any CPU.ActiveCfg = Release|Any CPU
		{0C82E045-675D-4477-B528-788B0C1990FE}.Release|Any CPU.Build.0 = Release|Any CPU
	EndGlobalSection
	GlobalSection(SolutionProperties) = preSolution
		HideSolutionNode = FALSE
	EndGlobalSection
EndGlobal
